
Microsoft Visual Studio Solution File, Format Version 12.00
# Visual Studio Version 17
VisualStudioVersion = 17.0.31903.59
MinimumVisualStudioVersion = 10.0.40219.1
Project("{FAE04EC0-301F-11D3-BF4B-00C04F79EFBC}") = "TrainingGround", "TrainingGround\TrainingGround.csproj", "{C3E688BF-2BF9-41E0-992E-5A796309DBB4}"
EndProject
Project("{FAE04EC0-301F-11D3-BF4B-00C04F79EFBC}") = "TrainingGround.Tests", "TrainingGround.Tests\TrainingGround.Tests.csproj", "{BDA1E54B-B393-473C-9CA4-C3D66E2F9714}"
EndProject
Global
	GlobalSection(SolutionConfigurationPlatforms) = preSolution
		Debug|Any CPU = Debug|Any CPU
		Debug|x64 = Debug|x64
		Debug|x86 = Debug|x86
		Release|Any CPU = Release|Any CPU
		Release|x64 = Release|x64
		Release|x86 = Release|x86
	EndGlobalSection
	GlobalSection(ProjectConfigurationPlatforms) = postSolution
		{C3E688BF-2BF9-41E0-992E-5A796309DBB4}.Debug|Any CPU.ActiveCfg = Debug|Any CPU
		{C3E688BF-2BF9-41E0-992E-5A796309DBB4}.Debug|Any CPU.Build.0 = Debug|Any CPU
		{C3E688BF-2BF9-41E0-992E-5A796309DBB4}.Debug|x64.ActiveCfg = Debug|Any CPU
		{C3E688BF-2BF9-41E0-992E-5A796309DBB4}.Debug|x64.Build.0 = Debug|Any CPU
		{C3E688BF-2BF9-41E0-992E-5A796309DBB4}.Debug|x86.ActiveCfg = Debug|Any CPU
		{C3E688BF-2BF9-41E0-992E-5A796309DBB4}.Debug|x86.Build.0 = Debug|Any CPU
		{C3E688BF-2BF9-41E0-992E-5A796309DBB4}.Release|Any CPU.ActiveCfg = Release|Any CPU
		{C3E688BF-2BF9-41E0-992E-5A796309DBB4}.Release|Any CPU.Build.0 = Release|Any CPU
		{C3E688BF-2BF9-41E0-992E-5A796309DBB4}.Release|x64.ActiveCfg = Release|Any CPU
		{C3E688BF-2BF9-41E0-992E-5A796309DBB4}.Release|x64.Build.0 = Release|Any CPU
		{C3E688BF-2BF9-41E0-992E-5A796309DBB4}.Release|x86.ActiveCfg = Release|Any CPU
		{C3E688BF-2BF9-41E0-992E-5A796309DBB4}.Release|x86.Build.0 = Release|Any CPU
		{BDA1E54B-B393-473C-9CA4-C3D66E2F9714}.Debug|Any CPU.ActiveCfg = Debug|Any CPU
		{BDA1E54B-B393-473C-9CA4-C3D66E2F9714}.Debug|Any CPU.Build.0 = Debug|Any CPU
		{BDA1E54B-B393-473C-9CA4-C3D66E2F9714}.Debug|x64.ActiveCfg = Debug|Any CPU
		{BDA1E54B-B393-473C-9CA4-C3D66E2F9714}.Debug|x64.Build.0 = Debug|Any CPU
		{BDA1E54B-B393-473C-9CA4-C3D66E2F9714}.Debug|x86.ActiveCfg = Debug|Any CPU
		{BDA1E54B-B393-473C-9CA4-C3D66E2F9714}.Debug|x86.Build.0 = Debug|Any CPU
		{BDA1E54B-B393-473C-9CA4-C3D66E2F9714}.Release|Any CPU.ActiveCfg = Release|Any CPU
		{BDA1E54B-B393-473C-9CA4-C3D66E2F9714}.Release|Any CPU.Build.0 = Release|Any CPU
		{BDA1E54B-B393-473C-9CA4-C3D66E2F9714}.Release|x64.ActiveCfg = Release|Any CPU
		{BDA1E54B-B393-473C-9CA4-C3D66E2F9714}.Release|x64.Build.0 = Release|Any CPU
		{BDA1E54B-B393-473C-9CA4-C3D66E2F9714}.Release|x86.ActiveCfg = Release|Any CPU
		{BDA1E54B-B393-473C-9CA4-C3D66E2F9714}.Release|x86.Build.0 = Release|Any CPU
	EndGlobalSection
	GlobalSection(SolutionProperties) = preSolution
		HideSolutionNode = FALSE
	EndGlobalSection
EndGlobal
